// !$*UTF8*$!
{
	archiveVersion = 1;
	classes = {
	};
	objectVersion = 55;
	objects = {

/* Begin PBXBuildFile section */
		1424B5FD2806C3AA00C547E8 /* AppDelegate.swift in Sources */ = {isa = PBXBuildFile; fileRef = 1424B5FC2806C3AA00C547E8 /* AppDelegate.swift */; };
		1424B5FF2806C3AA00C547E8 /* SceneDelegate.swift in Sources */ = {isa = PBXBuildFile; fileRef = 1424B5FE2806C3AA00C547E8 /* SceneDelegate.swift */; };
		1424B6012806C3AA00C547E8 /* ViewController.swift in Sources */ = {isa = PBXBuildFile; fileRef = 1424B6002806C3AA00C547E8 /* ViewController.swift */; };
		1424B6062806C3AB00C547E8 /* Assets.xcassets in Resources */ = {isa = PBXBuildFile; fileRef = 1424B6052806C3AB00C547E8 /* Assets.xcassets */; };
		1424B6092806C3AB00C547E8 /* LaunchScreen.storyboard in Resources */ = {isa = PBXBuildFile; fileRef = 1424B6072806C3AB00C547E8 /* LaunchScreen.storyboard */; };
		1424B6142806C3AB00C547E8 /* plSwiftShowcaseTests.swift in Sources */ = {isa = PBXBuildFile; fileRef = 1424B6132806C3AB00C547E8 /* plSwiftShowcaseTests.swift */; };
		1424B61E2806C3AB00C547E8 /* plSwiftShowcaseUITests.swift in Sources */ = {isa = PBXBuildFile; fileRef = 1424B61D2806C3AB00C547E8 /* plSwiftShowcaseUITests.swift */; };
		1424B6202806C3AB00C547E8 /* plSwiftShowcaseUITestsLaunchTests.swift in Sources */ = {isa = PBXBuildFile; fileRef = 1424B61F2806C3AB00C547E8 /* plSwiftShowcaseUITestsLaunchTests.swift */; };
/* End PBXBuildFile section */

/* Begin PBXContainerItemProxy section */
		1424B6102806C3AB00C547E8 /* PBXContainerItemProxy */ = {
			isa = PBXContainerItemProxy;
			containerPortal = 1424B5F12806C3AA00C547E8 /* Project object */;
			proxyType = 1;
			remoteGlobalIDString = 1424B5F82806C3AA00C547E8;
			remoteInfo = plSwiftShowcase;
		};
		1424B61A2806C3AB00C547E8 /* PBXContainerItemProxy */ = {
			isa = PBXContainerItemProxy;
			containerPortal = 1424B5F12806C3AA00C547E8 /* Project object */;
			proxyType = 1;
			remoteGlobalIDString = 1424B5F82806C3AA00C547E8;
			remoteInfo = plSwiftShowcase;
		};
/* End PBXContainerItemProxy section */

/* Begin PBXFileReference section */
		1424B5F92806C3AA00C547E8 /* plSwiftShowcase.app */ = {isa = PBXFileReference; explicitFileType = wrapper.application; includeInIndex = 0; path = plSwiftShowcase.app; sourceTree = BUILT_PRODUCTS_DIR; };
		1424B5FC2806C3AA00C547E8 /* AppDelegate.swift */ = {isa = PBXFileReference; lastKnownFileType = sourcecode.swift; path = AppDelegate.swift; sourceTree = "<group>"; };
		1424B5FE2806C3AA00C547E8 /* SceneDelegate.swift */ = {isa = PBXFileReference; lastKnownFileType = sourcecode.swift; path = SceneDelegate.swift; sourceTree = "<group>"; };
		1424B6002806C3AA00C547E8 /* ViewController.swift */ = {isa = PBXFileReference; lastKnownFileType = sourcecode.swift; path = ViewController.swift; sourceTree = "<group>"; };
		1424B6032806C3AA00C547E8 /* Base */ = {isa = PBXFileReference; lastKnownFileType = file.storyboard; name = Base; path = Base.lproj/Main.storyboard; sourceTree = "<group>"; };
		1424B6052806C3AB00C547E8 /* Assets.xcassets */ = {isa = PBXFileReference; lastKnownFileType = folder.assetcatalog; path = Assets.xcassets; sourceTree = "<group>"; };
		1424B6082806C3AB00C547E8 /* Base */ = {isa = PBXFileReference; lastKnownFileType = file.storyboard; name = Base; path = Base.lproj/LaunchScreen.storyboard; sourceTree = "<group>"; };
		1424B60A2806C3AB00C547E8 /* Info.plist */ = {isa = PBXFileReference; lastKnownFileType = text.plist.xml; path = Info.plist; sourceTree = "<group>"; };
		1424B60F2806C3AB00C547E8 /* plSwiftShowcaseTests.xctest */ = {isa = PBXFileReference; explicitFileType = wrapper.cfbundle; includeInIndex = 0; path = plSwiftShowcaseTests.xctest; sourceTree = BUILT_PRODUCTS_DIR; };
		1424B6132806C3AB00C547E8 /* plSwiftShowcaseTests.swift */ = {isa = PBXFileReference; lastKnownFileType = sourcecode.swift; path = plSwiftShowcaseTests.swift; sourceTree = "<group>"; };
		1424B6192806C3AB00C547E8 /* plSwiftShowcaseUITests.xctest */ = {isa = PBXFileReference; explicitFileType = wrapper.cfbundle; includeInIndex = 0; path = plSwiftShowcaseUITests.xctest; sourceTree = BUILT_PRODUCTS_DIR; };
		1424B61D2806C3AB00C547E8 /* plSwiftShowcaseUITests.swift */ = {isa = PBXFileReference; lastKnownFileType = sourcecode.swift; path = plSwiftShowcaseUITests.swift; sourceTree = "<group>"; };
		1424B61F2806C3AB00C547E8 /* plSwiftShowcaseUITestsLaunchTests.swift */ = {isa = PBXFileReference; lastKnownFileType = sourcecode.swift; path = plSwiftShowcaseUITestsLaunchTests.swift; sourceTree = "<group>"; };
/* End PBXFileReference section */

/* Begin PBXFrameworksBuildPhase section */
		1424B5F62806C3AA00C547E8 /* Frameworks */ = {
			isa = PBXFrameworksBuildPhase;
			buildActionMask = 2147483647;
			files = (
			);
			runOnlyForDeploymentPostprocessing = 0;
		};
		1424B60C2806C3AB00C547E8 /* Frameworks */ = {
			isa = PBXFrameworksBuildPhase;
			buildActionMask = 2147483647;
			files = (
			);
			runOnlyForDeploymentPostprocessing = 0;
		};
		1424B6162806C3AB00C547E8 /* Frameworks */ = {
			isa = PBXFrameworksBuildPhase;
			buildActionMask = 2147483647;
			files = (
			);
			runOnlyForDeploymentPostprocessing = 0;
		};
/* End PBXFrameworksBuildPhase section */

/* Begin PBXGroup section */
		1424B5F02806C3AA00C547E8 = {
			isa = PBXGroup;
			children = (
				1424B5FB2806C3AA00C547E8 /* plSwiftShowcase */,
				1424B6122806C3AB00C547E8 /* plSwiftShowcaseTests */,
				1424B61C2806C3AB00C547E8 /* plSwiftShowcaseUITests */,
				1424B5FA2806C3AA00C547E8 /* Products */,
			);
			sourceTree = "<group>";
		};
		1424B5FA2806C3AA00C547E8 /* Products */ = {
			isa = PBXGroup;
			children = (
				1424B5F92806C3AA00C547E8 /* plSwiftShowcase.app */,
				1424B60F2806C3AB00C547E8 /* plSwiftShowcaseTests.xctest */,
				1424B6192806C3AB00C547E8 /* plSwiftShowcaseUITests.xctest */,
			);
			name = Products;
			sourceTree = "<group>";
		};
		1424B5FB2806C3AA00C547E8 /* plSwiftShowcase */ = {
			isa = PBXGroup;
			children = (
				1424B5FC2806C3AA00C547E8 /* AppDelegate.swift */,
				1424B5FE2806C3AA00C547E8 /* SceneDelegate.swift */,
				1424B6002806C3AA00C547E8 /* ViewController.swift */,
				1424B6022806C3AA00C547E8 /* Main.storyboard */,
				1424B6052806C3AB00C547E8 /* Assets.xcassets */,
				1424B6072806C3AB00C547E8 /* LaunchScreen.storyboard */,
				1424B60A2806C3AB00C547E8 /* Info.plist */,
			);
			path = plSwiftShowcase;
			sourceTree = "<group>";
		};
		1424B6122806C3AB00C547E8 /* plSwiftShowcaseTests */ = {
			isa = PBXGroup;
			children = (
				1424B6132806C3AB00C547E8 /* plSwiftShowcaseTests.swift */,
			);
			path = plSwiftShowcaseTests;
			sourceTree = "<group>";
		};
		1424B61C2806C3AB00C547E8 /* plSwiftShowcaseUITests */ = {
			isa = PBXGroup;
			children = (
				1424B61D2806C3AB00C547E8 /* plSwiftShowcaseUITests.swift */,
				1424B61F2806C3AB00C547E8 /* plSwiftShowcaseUITestsLaunchTests.swift */,
			);
			path = plSwiftShowcaseUITests;
			sourceTree = "<group>";
		};
/* End PBXGroup section */

/* Begin PBXNativeTarget section */
		1424B5F82806C3AA00C547E8 /* plSwiftShowcase */ = {
			isa = PBXNativeTarget;
			buildConfigurationList = 1424B6232806C3AB00C547E8 /* Build configuration list for PBXNativeTarget "plSwiftShowcase" */;
			buildPhases = (
				1424B5F52806C3AA00C547E8 /* Sources */,
				1424B5F62806C3AA00C547E8 /* Frameworks */,
				1424B5F72806C3AA00C547E8 /* Resources */,
			);
			buildRules = (
			);
			dependencies = (
			);
			name = plSwiftShowcase;
			productName = plSwiftShowcase;
			productReference = 1424B5F92806C3AA00C547E8 /* plSwiftShowcase.app */;
			productType = "com.apple.product-type.application";
		};
		1424B60E2806C3AB00C547E8 /* plSwiftShowcaseTests */ = {
			isa = PBXNativeTarget;
			buildConfigurationList = 1424B6262806C3AB00C547E8 /* Build configuration list for PBXNativeTarget "plSwiftShowcaseTests" */;
			buildPhases = (
				1424B60B2806C3AB00C547E8 /* Sources */,
				1424B60C2806C3AB00C547E8 /* Frameworks */,
				1424B60D2806C3AB00C547E8 /* Resources */,
			);
			buildRules = (
			);
			dependencies = (
				1424B6112806C3AB00C547E8 /* PBXTargetDependency */,
			);
			name = plSwiftShowcaseTests;
			productName = plSwiftShowcaseTests;
			productReference = 1424B60F2806C3AB00C547E8 /* plSwiftShowcaseTests.xctest */;
			productType = "com.apple.product-type.bundle.unit-test";
		};
		1424B6182806C3AB00C547E8 /* plSwiftShowcaseUITests */ = {
			isa = PBXNativeTarget;
			buildConfigurationList = 1424B6292806C3AB00C547E8 /* Build configuration list for PBXNativeTarget "plSwiftShowcaseUITests" */;
			buildPhases = (
				1424B6152806C3AB00C547E8 /* Sources */,
				1424B6162806C3AB00C547E8 /* Frameworks */,
				1424B6172806C3AB00C547E8 /* Resources */,
			);
			buildRules = (
			);
			dependencies = (
				1424B61B2806C3AB00C547E8 /* PBXTargetDependency */,
			);
			name = plSwiftShowcaseUITests;
			productName = plSwiftShowcaseUITests;
			productReference = 1424B6192806C3AB00C547E8 /* plSwiftShowcaseUITests.xctest */;
			productType = "com.apple.product-type.bundle.ui-testing";
		};
/* End PBXNativeTarget section */

/* Begin PBXProject section */
		1424B5F12806C3AA00C547E8 /* Project object */ = {
			isa = PBXProject;
			attributes = {
				BuildIndependentTargetsInParallel = 1;
				LastSwiftUpdateCheck = 1330;
				LastUpgradeCheck = 1330;
				TargetAttributes = {
					1424B5F82806C3AA00C547E8 = {
						CreatedOnToolsVersion = 13.3;
					};
					1424B60E2806C3AB00C547E8 = {
						CreatedOnToolsVersion = 13.3;
						TestTargetID = 1424B5F82806C3AA00C547E8;
					};
					1424B6182806C3AB00C547E8 = {
						CreatedOnToolsVersion = 13.3;
						TestTargetID = 1424B5F82806C3AA00C547E8;
					};
				};
			};
			buildConfigurationList = 1424B5F42806C3AA00C547E8 /* Build configuration list for PBXProject "plSwiftShowcase" */;
			compatibilityVersion = "Xcode 13.0";
			developmentRegion = en;
			hasScannedForEncodings = 0;
			knownRegions = (
				en,
				Base,
			);
			mainGroup = 1424B5F02806C3AA00C547E8;
			productRefGroup = 1424B5FA2806C3AA00C547E8 /* Products */;
			projectDirPath = "";
			projectRoot = "";
			targets = (
				1424B5F82806C3AA00C547E8 /* plSwiftShowcase */,
				1424B60E2806C3AB00C547E8 /* plSwiftShowcaseTests */,
				1424B6182806C3AB00C547E8 /* plSwiftShowcaseUITests */,
			);
		};
/* End PBXProject section */

/* Begin PBXResourcesBuildPhase section */
		1424B5F72806C3AA00C547E8 /* Resources */ = {
			isa = PBXResourcesBuildPhase;
			buildActionMask = 2147483647;
			files = (
				1424B6092806C3AB00C547E8 /* LaunchScreen.storyboard in Resources */,
				1424B6062806C3AB00C547E8 /* Assets.xcassets in Resources */,
			);
			runOnlyForDeploymentPostprocessing = 0;
		};
		1424B60D2806C3AB00C547E8 /* Resources */ = {
			isa = PBXResourcesBuildPhase;
			buildActionMask = 2147483647;
			files = (
			);
			runOnlyForDeploymentPostprocessing = 0;
		};
		1424B6172806C3AB00C547E8 /* Resources */ = {
			isa = PBXResourcesBuildPhase;
			buildActionMask = 2147483647;
			files = (
			);
			runOnlyForDeploymentPostprocessing = 0;
		};
/* End PBXResourcesBuildPhase section */

/* Begin PBXSourcesBuildPhase section */
		1424B5F52806C3AA00C547E8 /* Sources */ = {
			isa = PBXSourcesBuildPhase;
			buildActionMask = 2147483647;
			files = (
				1424B6012806C3AA00C547E8 /* ViewController.swift in Sources */,
				1424B5FD2806C3AA00C547E8 /* AppDelegate.swift in Sources */,
				1424B5FF2806C3AA00C547E8 /* SceneDelegate.swift in Sources */,
			);
			runOnlyForDeploymentPostprocessing = 0;
		};
		1424B60B2806C3AB00C547E8 /* Sources */ = {
			isa = PBXSourcesBuildPhase;
			buildActionMask = 2147483647;
			files = (
				1424B6142806C3AB00C547E8 /* plSwiftShowcaseTests.swift in Sources */,
			);
			runOnlyForDeploymentPostprocessing = 0;
		};
		1424B6152806C3AB00C547E8 /* Sources */ = {
			isa = PBXSourcesBuildPhase;
			buildActionMask = 2147483647;
			files = (
				1424B61E2806C3AB00C547E8 /* plSwiftShowcaseUITests.swift in Sources */,
				1424B6202806C3AB00C547E8 /* plSwiftShowcaseUITestsLaunchTests.swift in Sources */,
			);
			runOnlyForDeploymentPostprocessing = 0;
		};
/* End PBXSourcesBuildPhase section */

/* Begin PBXTargetDependency section */
		1424B6112806C3AB00C547E8 /* PBXTargetDependency */ = {
			isa = PBXTargetDependency;
			target = 1424B5F82806C3AA00C547E8 /* plSwiftShowcase */;
			targetProxy = 1424B6102806C3AB00C547E8 /* PBXContainerItemProxy */;
		};
		1424B61B2806C3AB00C547E8 /* PBXTargetDependency */ = {
			isa = PBXTargetDependency;
			target = 1424B5F82806C3AA00C547E8 /* plSwiftShowcase */;
			targetProxy = 1424B61A2806C3AB00C547E8 /* PBXContainerItemProxy */;
		};
/* End PBXTargetDependency section */

/* Begin PBXVariantGroup section */
		1424B6072806C3AB00C547E8 /* LaunchScreen.storyboard */ = {
			isa = PBXVariantGroup;
			children = (
				1424B6082806C3AB00C547E8 /* Base */,
			);
			name = LaunchScreen.storyboard;
			sourceTree = "<group>";
		};
/* End PBXVariantGroup section */

/* Begin XCBuildConfiguration section */
		1424B6212806C3AB00C547E8 /* Debug */ = {
			isa = XCBuildConfiguration;
			buildSettings = {
				ALWAYS_SEARCH_USER_PATHS = NO;
				CLANG_ANALYZER_NONNULL = YES;
				CLANG_ANALYZER_NUMBER_OBJECT_CONVERSION = YES_AGGRESSIVE;
				CLANG_CXX_LANGUAGE_STANDARD = "gnu++17";
				CLANG_ENABLE_MODULES = YES;
				CLANG_ENABLE_OBJC_ARC = YES;
				CLANG_ENABLE_OBJC_WEAK = YES;
				CLANG_WARN_BLOCK_CAPTURE_AUTORELEASING = YES;
				CLANG_WARN_BOOL_CONVERSION = YES;
				CLANG_WARN_COMMA = YES;
				CLANG_WARN_CONSTANT_CONVERSION = YES;
				CLANG_WARN_DEPRECATED_OBJC_IMPLEMENTATIONS = YES;
				CLANG_WARN_DIRECT_OBJC_ISA_USAGE = YES_ERROR;
				CLANG_WARN_DOCUMENTATION_COMMENTS = YES;
				CLANG_WARN_EMPTY_BODY = YES;
				CLANG_WARN_ENUM_CONVERSION = YES;
				CLANG_WARN_INFINITE_RECURSION = YES;
				CLANG_WARN_INT_CONVERSION = YES;
				CLANG_WARN_NON_LITERAL_NULL_CONVERSION = YES;
				CLANG_WARN_OBJC_IMPLICIT_RETAIN_SELF = YES;
				CLANG_WARN_OBJC_LITERAL_CONVERSION = YES;
				CLANG_WARN_OBJC_ROOT_CLASS = YES_ERROR;
				CLANG_WARN_QUOTED_INCLUDE_IN_FRAMEWORK_HEADER = YES;
				CLANG_WARN_RANGE_LOOP_ANALYSIS = YES;
				CLANG_WARN_STRICT_PROTOTYPES = YES;
				CLANG_WARN_SUSPICIOUS_MOVE = YES;
				CLANG_WARN_UNGUARDED_AVAILABILITY = YES_AGGRESSIVE;
				CLANG_WARN_UNREACHABLE_CODE = YES;
				CLANG_WARN__DUPLICATE_METHOD_MATCH = YES;
				COPY_PHASE_STRIP = NO;
				DEBUG_INFORMATION_FORMAT = dwarf;
				ENABLE_STRICT_OBJC_MSGSEND = YES;
				ENABLE_TESTABILITY = YES;
				GCC_C_LANGUAGE_STANDARD = gnu11;
				GCC_DYNAMIC_NO_PIC = NO;
				GCC_NO_COMMON_BLOCKS = YES;
				GCC_OPTIMIZATION_LEVEL = 0;
				GCC_PREPROCESSOR_DEFINITIONS = (
					"DEBUG=1",
					"$(inherited)",
				);
				GCC_WARN_64_TO_32_BIT_CONVERSION = YES;
				GCC_WARN_ABOUT_RETURN_TYPE = YES_ERROR;
				GCC_WARN_UNDECLARED_SELECTOR = YES;
				GCC_WARN_UNINITIALIZED_AUTOS = YES_AGGRESSIVE;
				GCC_WARN_UNUSED_FUNCTION = YES;
				GCC_WARN_UNUSED_VARIABLE = YES;
				IPHONEOS_DEPLOYMENT_TARGET = 15.4;
				MTL_ENABLE_DEBUG_INFO = INCLUDE_SOURCE;
				MTL_FAST_MATH = YES;
				ONLY_ACTIVE_ARCH = YES;
				SDKROOT = iphoneos;
				SWIFT_ACTIVE_COMPILATION_CONDITIONS = DEBUG;
				SWIFT_OPTIMIZATION_LEVEL = "-Onone";
			};
			name = Debug;
		};
		1424B6222806C3AB00C547E8 /* Release */ = {
			isa = XCBuildConfiguration;
			buildSettings = {
				ALWAYS_SEARCH_USER_PATHS = NO;
				CLANG_ANALYZER_NONNULL = YES;
				CLANG_ANALYZER_NUMBER_OBJECT_CONVERSION = YES_AGGRESSIVE;
				CLANG_CXX_LANGUAGE_STANDARD = "gnu++17";
				CLANG_ENABLE_MODULES = YES;
				CLANG_ENABLE_OBJC_ARC = YES;
				CLANG_ENABLE_OBJC_WEAK = YES;
				CLANG_WARN_BLOCK_CAPTURE_AUTORELEASING = YES;
				CLANG_WARN_BOOL_CONVERSION = YES;
				CLANG_WARN_COMMA = YES;
				CLANG_WARN_CONSTANT_CONVERSION = YES;
				CLANG_WARN_DEPRECATED_OBJC_IMPLEMENTATIONS = YES;
				CLANG_WARN_DIRECT_OBJC_ISA_USAGE = YES_ERROR;
				CLANG_WARN_DOCUMENTATION_COMMENTS = YES;
				CLANG_WARN_EMPTY_BODY = YES;
				CLANG_WARN_ENUM_CONVERSION = YES;
				CLANG_WARN_INFINITE_RECURSION = YES;
				CLANG_WARN_INT_CONVERSION = YES;
				CLANG_WARN_NON_LITERAL_NULL_CONVERSION = YES;
				CLANG_WARN_OBJC_IMPLICIT_RETAIN_SELF = YES;
				CLANG_WARN_OBJC_LITERAL_CONVERSION = YES;
				CLANG_WARN_OBJC_ROOT_CLASS = YES_ERROR;
				CLANG_WARN_QUOTED_INCLUDE_IN_FRAMEWORK_HEADER = YES;
				CLANG_WARN_RANGE_LOOP_ANALYSIS = YES;
				CLANG_WARN_STRICT_PROTOTYPES = YES;
				CLANG_WARN_SUSPICIOUS_MOVE = YES;
				CLANG_WARN_UNGUARDED_AVAILABILITY = YES_AGGRESSIVE;
				CLANG_WARN_UNREACHABLE_CODE = YES;
				CLANG_WARN__DUPLICATE_METHOD_MATCH = YES;
				COPY_PHASE_STRIP = NO;
				DEBUG_INFORMATION_FORMAT = "dwarf-with-dsym";
				ENABLE_NS_ASSERTIONS = NO;
				ENABLE_STRICT_OBJC_MSGSEND = YES;
				GCC_C_LANGUAGE_STANDARD = gnu11;
				GCC_NO_COMMON_BLOCKS = YES;
				GCC_WARN_64_TO_32_BIT_CONVERSION = YES;
				GCC_WARN_ABOUT_RETURN_TYPE = YES_ERROR;
				GCC_WARN_UNDECLARED_SELECTOR = YES;
				GCC_WARN_UNINITIALIZED_AUTOS = YES_AGGRESSIVE;
				GCC_WARN_UNUSED_FUNCTION = YES;
				GCC_WARN_UNUSED_VARIABLE = YES;
				IPHONEOS_DEPLOYMENT_TARGET = 15.4;
				MTL_ENABLE_DEBUG_INFO = NO;
				MTL_FAST_MATH = YES;
				SDKROOT = iphoneos;
				SWIFT_COMPILATION_MODE = wholemodule;
				SWIFT_OPTIMIZATION_LEVEL = "-O";
				VALIDATE_PRODUCT = YES;
			};
			name = Release;
		};
		1424B6242806C3AB00C547E8 /* Debug */ = {
			isa = XCBuildConfiguration;
			buildSettings = {
				ASSETCATALOG_COMPILER_APPICON_NAME = AppIcon;
				ASSETCATALOG_COMPILER_GLOBAL_ACCENT_COLOR_NAME = AccentColor;
				CODE_SIGN_STYLE = Automatic;
				CURRENT_PROJECT_VERSION = 1;
				DEVELOPMENT_TEAM = 5RB5WKXQ27;
				GENERATE_INFOPLIST_FILE = YES;
				INFOPLIST_FILE = plSwiftShowcase/Info.plist;
				INFOPLIST_KEY_UIApplicationSupportsIndirectInputEvents = YES;
				INFOPLIST_KEY_UILaunchStoryboardName = LaunchScreen;
				INFOPLIST_KEY_UISupportedInterfaceOrientations_iPad = "UIInterfaceOrientationPortrait UIInterfaceOrientationPortraitUpsideDown UIInterfaceOrientationLandscapeLeft UIInterfaceOrientationLandscapeRight";
				INFOPLIST_KEY_UISupportedInterfaceOrientations_iPhone = "UIInterfaceOrientationPortrait UIInterfaceOrientationLandscapeLeft UIInterfaceOrientationLandscapeRight";
				LD_RUNPATH_SEARCH_PATHS = (
					"$(inherited)",
					"@executable_path/Frameworks",
				);
				MARKETING_VERSION = 1.0;
				PRODUCT_BUNDLE_IDENTIFIER = com.skarol.plSwiftShowcase;
				PRODUCT_NAME = "$(TARGET_NAME)";
				SWIFT_EMIT_LOC_STRINGS = YES;
				SWIFT_VERSION = 5.0;
				TARGETED_DEVICE_FAMILY = "1,2";
			};
			name = Debug;
		};
		1424B6252806C3AB00C547E8 /* Release */ = {
			isa = XCBuildConfiguration;
			buildSettings = {
				ASSETCATALOG_COMPILER_APPICON_NAME = AppIcon;
				ASSETCATALOG_COMPILER_GLOBAL_ACCENT_COLOR_NAME = AccentColor;
				CODE_SIGN_STYLE = Automatic;
				CURRENT_PROJECT_VERSION = 1;
				DEVELOPMENT_TEAM = 5RB5WKXQ27;
				GENERATE_INFOPLIST_FILE = YES;
				INFOPLIST_FILE = plSwiftShowcase/Info.plist;
				INFOPLIST_KEY_UIApplicationSupportsIndirectInputEvents = YES;
				INFOPLIST_KEY_UILaunchStoryboardName = LaunchScreen;
				INFOPLIST_KEY_UISupportedInterfaceOrientations_iPad = "UIInterfaceOrientationPortrait UIInterfaceOrientationPortraitUpsideDown UIInterfaceOrientationLandscapeLeft UIInterfaceOrientationLandscapeRight";
				INFOPLIST_KEY_UISupportedInterfaceOrientations_iPhone = "UIInterfaceOrientationPortrait UIInterfaceOrientationLandscapeLeft UIInterfaceOrientationLandscapeRight";
				LD_RUNPATH_SEARCH_PATHS = (
					"$(inherited)",
					"@executable_path/Frameworks",
				);
				MARKETING_VERSION = 1.0;
				PRODUCT_BUNDLE_IDENTIFIER = com.skarol.plSwiftShowcase;
				PRODUCT_NAME = "$(TARGET_NAME)";
				SWIFT_EMIT_LOC_STRINGS = YES;
				SWIFT_VERSION = 5.0;
				TARGETED_DEVICE_FAMILY = "1,2";
			};
			name = Release;
		};
		1424B6272806C3AB00C547E8 /* Debug */ = {
			isa = XCBuildConfiguration;
			buildSettings = {
				ALWAYS_EMBED_SWIFT_STANDARD_LIBRARIES = YES;
				BUNDLE_LOADER = "$(TEST_HOST)";
				CODE_SIGN_STYLE = Automatic;
				CURRENT_PROJECT_VERSION = 1;
				DEVELOPMENT_TEAM = 5RB5WKXQ27;
				GENERATE_INFOPLIST_FILE = YES;
				IPHONEOS_DEPLOYMENT_TARGET = 15.4;
				MARKETING_VERSION = 1.0;
				PRODUCT_BUNDLE_IDENTIFIER = com.skarol.plSwiftShowcaseTests;
				PRODUCT_NAME = "$(TARGET_NAME)";
				SWIFT_EMIT_LOC_STRINGS = NO;
				SWIFT_VERSION = 5.0;
				TARGETED_DEVICE_FAMILY = "1,2";
				TEST_HOST = "$(BUILT_PRODUCTS_DIR)/plSwiftShowcase.app/plSwiftShowcase";
			};
			name = Debug;
		};
		1424B6282806C3AB00C547E8 /* Release */ = {
			isa = XCBuildConfiguration;
			buildSettings = {
				ALWAYS_EMBED_SWIFT_STANDARD_LIBRARIES = YES;
				BUNDLE_LOADER = "$(TEST_HOST)";
				CODE_SIGN_STYLE = Automatic;
				CURRENT_PROJECT_VERSION = 1;
				DEVELOPMENT_TEAM = 5RB5WKXQ27;
				GENERATE_INFOPLIST_FILE = YES;
				IPHONEOS_DEPLOYMENT_TARGET = 15.4;
				MARKETING_VERSION = 1.0;
				PRODUCT_BUNDLE_IDENTIFIER = com.skarol.plSwiftShowcaseTests;
				PRODUCT_NAME = "$(TARGET_NAME)";
				SWIFT_EMIT_LOC_STRINGS = NO;
				SWIFT_VERSION = 5.0;
				TARGETED_DEVICE_FAMILY = "1,2";
				TEST_HOST = "$(BUILT_PRODUCTS_DIR)/plSwiftShowcase.app/plSwiftShowcase";
			};
			name = Release;
		};
		1424B62A2806C3AB00C547E8 /* Debug */ = {
			isa = XCBuildConfiguration;
			buildSettings = {
				ALWAYS_EMBED_SWIFT_STANDARD_LIBRARIES = YES;
				CODE_SIGN_STYLE = Automatic;
				CURRENT_PROJECT_VERSION = 1;
				DEVELOPMENT_TEAM = 5RB5WKXQ27;
				GENERATE_INFOPLIST_FILE = YES;
				MARKETING_VERSION = 1.0;
				PRODUCT_BUNDLE_IDENTIFIER = com.skarol.plSwiftShowcaseUITests;
				PRODUCT_NAME = "$(TARGET_NAME)";
				SWIFT_EMIT_LOC_STRINGS = NO;
				SWIFT_VERSION = 5.0;
				TARGETED_DEVICE_FAMILY = "1,2";
				TEST_TARGET_NAME = plSwiftShowcase;
			};
			name = Debug;
		};
		1424B62B2806C3AB00C547E8 /* Release */ = {
			isa = XCBuildConfiguration;
			buildSettings = {
				ALWAYS_EMBED_SWIFT_STANDARD_LIBRARIES = YES;
				CODE_SIGN_STYLE = Automatic;
				CURRENT_PROJECT_VERSION = 1;
				DEVELOPMENT_TEAM = 5RB5WKXQ27;
				GENERATE_INFOPLIST_FILE = YES;
				MARKETING_VERSION = 1.0;
				PRODUCT_BUNDLE_IDENTIFIER = com.skarol.plSwiftShowcaseUITests;
				PRODUCT_NAME = "$(TARGET_NAME)";
				SWIFT_EMIT_LOC_STRINGS = NO;
				SWIFT_VERSION = 5.0;
				TARGETED_DEVICE_FAMILY = "1,2";
				TEST_TARGET_NAME = plSwiftShowcase;
			};
			name = Release;
		};
/* End XCBuildConfiguration section */

/* Begin XCConfigurationList section */
		1424B5F42806C3AA00C547E8 /* Build configuration list for PBXProject "plSwiftShowcase" */ = {
			isa = XCConfigurationList;
			buildConfigurations = (
				1424B6212806C3AB00C547E8 /* Debug */,
				1424B6222806C3AB00C547E8 /* Release */,
			);
			defaultConfigurationIsVisible = 0;
			defaultConfigurationName = Release;
		};
		1424B6232806C3AB00C547E8 /* Build configuration list for PBXNativeTarget "plSwiftShowcase" */ = {
			isa = XCConfigurationList;
			buildConfigurations = (
				1424B6242806C3AB00C547E8 /* Debug */,
				1424B6252806C3AB00C547E8 /* Release */,
			);
			defaultConfigurationIsVisible = 0;
			defaultConfigurationName = Release;
		};
		1424B6262806C3AB00C547E8 /* Build configuration list for PBXNativeTarget "plSwiftShowcaseTests" */ = {
			isa = XCConfigurationList;
			buildConfigurations = (
				1424B6272806C3AB00C547E8 /* Debug */,
				1424B6282806C3AB00C547E8 /* Release */,
			);
			defaultConfigurationIsVisible = 0;
			defaultConfigurationName = Release;
		};
		1424B6292806C3AB00C547E8 /* Build configuration list for PBXNativeTarget "plSwiftShowcaseUITests" */ = {
			isa = XCConfigurationList;
			buildConfigurations = (
				1424B62A2806C3AB00C547E8 /* Debug */,
				1424B62B2806C3AB00C547E8 /* Release */,
			);
			defaultConfigurationIsVisible = 0;
			defaultConfigurationName = Release;
		};
/* End XCConfigurationList section */
	};
	rootObject = 1424B5F12806C3AA00C547E8 /* Project object */;
}
